PODS:
  - Alamofire (3.5.1)
  - ChameleonFramework/Default (2.1.0)
  - ChameleonFramework/Swift (2.1.0):
    - ChameleonFramework/Default
  - EasyTipView (1.0.1)
  - Eureka (1.7.0)
  - Fuzi (0.4.0)
  - Realm (2.0.2):
    - Realm/Headers (= 2.0.2)
  - Realm/Headers (2.0.2)
  - RealmSwift (2.0.2):
    - Realm (= 2.0.2)
  - TextFieldEffects (1.2.0)

DEPENDENCIES:
  - Alamofire (= 3.5.1)
  - ChameleonFramework/Swift
  - EasyTipView (= 1.0.1)
  - Eureka (= 1.7.0)
  - Fuzi (= 0.4.0)
  - RealmSwift (= 2.0.2)
  - TextFieldEffects (= 1.2.0)

SPEC CHECKSUMS:
  Alamofire: 0dfba1184a543e2aa160f4e39cac4e8aba48d223
  ChameleonFramework: d21a3cc247abfe5e37609a283a8238b03575cf64
  EasyTipView: e74f3f85bd721c9cd09c52e4588d727e3c8f55cf
  Eureka: 2020d9faeef7b7e9adeb9e3d8af779e5931c1897
  Fuzi: 874bf82e6d14d7310494af695ffc2a894d88e67e
  Realm: 0f5a194af0b7e6158b83db41b4ee1a00be7ddf1a
  RealmSwift: 0eb5070d851cba7c66e841ca756d83609dc78bc8
  TextFieldEffects: bc4fd3bd557321bd61a0762f3f50965477a36f62

PODFILE CHECKSUM: a34763cb4e65b2029c21628655300b00bf5f35cb

COCOAPODS: 1.1.0.beta.2
